{
  "name": "Webgpu-playground",
  "version": "1.0.0",
  "lockfileVersion": 3,
  "requires": true,
  "packages": {
    "": {
      "devDependencies": {
        "@webgpu/types": "^0.1.61"
      }
    },
    "node_modules/@webgpu/types": {
      "version": "0.1.61",
      "resolved": "https://registry.npmjs.org/@webgpu/types/-/types-0.1.61.tgz",
      "integrity": "sha512-w2HbBvH+qO19SB5pJOJFKs533CdZqxl3fcGonqL321VHkW7W/iBo6H8bjDy6pr/+pbMwIu5dnuaAxH7NxBqUrQ==",
      "dev": true
    }
  }
}
